version = 1
revision = 2
requires-python = ">=3.12"

[[package]]
name = "asyncio"
version = "3.4.3"
source = { registry = "https://pypi.org/simple" }
sdist = { url = "https://files.pythonhosted.org/packages/da/54/054bafaf2c0fb8473d423743e191fcdf49b2c1fd5e9af3524efbe097bafd/asyncio-3.4.3.tar.gz", hash = "sha256:83360ff8bc97980e4ff25c964c7bd3923d333d177aa4f7fb736b019f26c7cb41", size = 204411, upload-time = "2015-03-10T14:11:26.494Z" }
wheels = [
    { url = "https://files.pythonhosted.org/packages/22/74/07679c5b9f98a7cb0fc147b1ef1cc1853bc07a4eb9cb5731e24732c5f773/asyncio-3.4.3-py3-none-any.whl", hash = "sha256:c4d18b22701821de07bd6aea8b53d21449ec0ec5680645e5317062ea21817d2d", size = 101767, upload-time = "2015-03-10T14:05:10.959Z" },
]

[[package]]
name = "bleak"
version = "0.22.3"
source = { registry = "https://pypi.org/simple" }
dependencies = [
    { name = "dbus-fast", marker = "sys_platform == 'linux'" },
    { name = "pyobjc-core", marker = "sys_platform == 'darwin'" },
    { name = "pyobjc-framework-corebluetooth", marker = "sys_platform == 'darwin'" },
    { name = "pyobjc-framework-libdispatch", marker = "sys_platform == 'darwin'" },
    { name = "winrt-runtime", marker = "sys_platform == 'win32'" },
    { name = "winrt-windows-devices-bluetooth", marker = "sys_platform == 'win32'" },
    { name = "winrt-windows-devices-bluetooth-advertisement", marker = "sys_platform == 'win32'" },
    { name = "winrt-windows-devices-bluetooth-genericattributeprofile", marker = "sys_platform == 'win32'" },
    { name = "winrt-windows-devices-enumeration", marker = "sys_platform == 'win32'" },
    { name = "winrt-windows-foundation", marker = "sys_platform == 'win32'" },
    { name = "winrt-windows-foundation-collections", marker = "sys_platform == 'win32'" },
    { name = "winrt-windows-storage-streams", marker = "sys_platform == 'win32'" },
]
sdist = { url = "https://files.pythonhosted.org/packages/fb/96/15750b50c0018338e2cce30de939130971ebfdf4f9d6d56c960f5657daad/bleak-0.22.3.tar.gz", hash = "sha256:3149c3c19657e457727aa53d9d6aeb89658495822cd240afd8aeca4dd09c045c", size = 122339, upload-time = "2024-10-05T21:21:00.661Z" }
wheels = [
    { url = "https://files.pythonhosted.org/packages/0a/ce/3adf9e742bb22e4a4b3435f24111cb46a1d12731ba655ee00bb5ab0308cc/bleak-0.22.3-py3-none-any.whl", hash = "sha256:1e62a9f5e0c184826e6c906e341d8aca53793e4596eeaf4e0b191e7aca5c461c", size = 142719, upload-time = "2024-10-05T21:20:58.547Z" },
]

[[package]]
name = "dbus-fast"
version = "2.44.1"
source = { registry = "https://pypi.org/simple" }
sdist = { url = "https://files.pythonhosted.org/packages/c2/a1/9693ec018feed2a7d3420eac6c807eabc6eb84227913104123c0d2ea5737/dbus_fast-2.44.1.tar.gz", hash = "sha256:b027e96c39ed5622bb54d811dcdbbe9d9d6edec3454808a85a1ceb1867d9e25c", size = 72424, upload-time = "2025-04-03T19:07:20.042Z" }
wheels = [
    { url = "https://files.pythonhosted.org/packages/3a/e9/b7b02aa77c66491b87f6720a025ffb99afd6a91c00d3425b221058d3cff6/dbus_fast-2.44.1-cp312-cp312-manylinux_2_17_aarch64.manylinux2014_aarch64.whl", hash = "sha256:3dd0f8d41f6ab9d4a782c116470bc319d690f9b50c97b6debc6d1fef08e4615a", size = 840421, upload-time = "2025-04-03T19:22:08.242Z" },
    { url = "https://files.pythonhosted.org/packages/35/79/c9bc498e959ae983e1772e4e4ae320342829f21186fd4c6a65369e63c1fc/dbus_fast-2.44.1-cp312-cp312-manylinux_2_17_i686.manylinux_2_5_i686.manylinux1_i686.manylinux2014_i686.whl", hash = "sha256:9d6e386658343db380b9e4e81b3bf4e3c17135dbb5889173b1f2582b675b9a8c", size = 912296, upload-time = "2025-04-03T19:22:09.873Z" },
    { url = "https://files.pythonhosted.org/packages/cc/a5/948a8cc0861893c6de8746d83cc900e7fd5229b97ed4c9092152b866459e/dbus_fast-2.44.1-cp312-cp312-manylinux_2_17_x86_64.manylinux2014_x86_64.whl", hash = "sha256:3bd27563c11219b6fde7a5458141d860d8445c2defb036bab360d1f9bf1dfae0", size = 895027, upload-time = "2025-04-03T19:22:11.803Z" },
    { url = "https://files.pythonhosted.org/packages/c2/d3/daa69f8253a6c41aedf517befdbed514e9cf96ebe7cbcfa5de154acff877/dbus_fast-2.44.1-cp312-cp312-musllinux_1_2_aarch64.whl", hash = "sha256:0272784aceac821dd63c8187a8860179061a850269617ff5c5bd25ca37bf9307", size = 855338, upload-time = "2025-04-03T19:22:13.793Z" },
    { url = "https://files.pythonhosted.org/packages/6b/44/adec235f8765a88a7b8ddd49c6592371f7ff126e928d03a98baf4ff1bf9d/dbus_fast-2.44.1-cp312-cp312-musllinux_1_2_i686.whl", hash = "sha256:eed613a909a45f0e0a415c88b373024f007a9be56b1316812ed616d69a3b9161", size = 944282, upload-time = "2025-04-03T19:22:15.395Z" },
    { url = "https://files.pythonhosted.org/packages/ba/dd/a6f764c46f14214bdab2ab58820b5ff78e234a74246cc6069232d3aaf9e5/dbus_fast-2.44.1-cp312-cp312-musllinux_1_2_x86_64.whl", hash = "sha256:0d4288f2cba4f8309dcfd9f4392e0f4f2b5be6c796dfdb0c5e03228b1ab649b1", size = 923505, upload-time = "2025-04-03T19:22:16.992Z" },
    { url = "https://files.pythonhosted.org/packages/a5/ee/78bf56862fd6ae87998f1ef1d47849a9c5915abb4f0449a72b2c0885482b/dbus_fast-2.44.1-cp313-cp313-manylinux_2_17_aarch64.manylinux2014_aarch64.whl", hash = "sha256:89dc5db158bf9838979f732acc39e0e1ecd7e3295a09fa8adb93b09c097615a4", size = 834865, upload-time = "2025-04-03T19:22:20.408Z" },
    { url = "https://files.pythonhosted.org/packages/1b/67/2c0ef231189ff63fa49687f8529ad6bb5afc3bbfda5ba65d9ce3e816cfb8/dbus_fast-2.44.1-cp313-cp313-manylinux_2_17_i686.manylinux_2_5_i686.manylinux1_i686.manylinux2014_i686.whl", hash = "sha256:f11878c0c089d278861e48c02db8002496c2233b0f605b5630ef61f0b7fb0ea3", size = 905859, upload-time = "2025-04-03T19:22:22.106Z" },
    { url = "https://files.pythonhosted.org/packages/01/ef/9435eae3a658202c4342559b1dad82eb04edfa69fd803325e742c7627c6e/dbus_fast-2.44.1-cp313-cp313-manylinux_2_17_x86_64.manylinux2014_x86_64.whl", hash = "sha256:afd81f483b3ffb71e88478cfabccc1fab8d7154fccb1c661bfafcff9b0cfd996", size = 888654, upload-time = "2025-04-03T19:22:24.06Z" },
    { url = "https://files.pythonhosted.org/packages/80/08/9e870f0c4d82f7d6c224f502e51416d9855b2580093bb21b0fc240077a93/dbus_fast-2.44.1-cp313-cp313-manylinux_2_36_x86_64.whl", hash = "sha256:ad499de96a991287232749c98a59f2436ed260f6fd9ad4cb3b04a4b1bbbef148", size = 891721, upload-time = "2025-04-03T19:07:18.264Z" },
    { url = "https://files.pythonhosted.org/packages/53/d2/256fe23f403f8bb22d4fb67b6ad21bcc1c98e4528e2d30a4ae9851fac066/dbus_fast-2.44.1-cp313-cp313-musllinux_1_2_aarch64.whl", hash = "sha256:36c44286b11e83977cd29f9551b66b446bb6890dff04585852d975aa3a038ca2", size = 850255, upload-time = "2025-04-03T19:22:25.959Z" },
    { url = "https://files.pythonhosted.org/packages/28/ae/5d9964738bc9a59c9bb01bb4e196c541ed3495895297355c09283934756b/dbus_fast-2.44.1-cp313-cp313-musllinux_1_2_i686.whl", hash = "sha256:89f2f6eccbb0e464b90e5a8741deb9d6a91873eeb41a8c7b963962b39eb1e0cd", size = 939093, upload-time = "2025-04-03T19:22:27.481Z" },
    { url = "https://files.pythonhosted.org/packages/f5/3e/1c97abdf0f19ce26ac2f7f18c141495fc7459679d016475f4ad5dedef316/dbus_fast-2.44.1-cp313-cp313-musllinux_1_2_x86_64.whl", hash = "sha256:bb74a227b071e1a7c517bf3a3e4a5a0a2660620084162e74f15010075534c9d5", size = 915980, upload-time = "2025-04-03T19:22:29.067Z" },
]

[[package]]
name = "nest-asyncio"
version = "1.6.0"
source = { registry = "https://pypi.org/simple" }
sdist = { url = "https://files.pythonhosted.org/packages/83/f8/51569ac65d696c8ecbee95938f89d4abf00f47d58d48f6fbabfe8f0baefe/nest_asyncio-1.6.0.tar.gz", hash = "sha256:6f172d5449aca15afd6c646851f4e31e02c598d553a667e38cafa997cfec55fe", size = 7418, upload-time = "2024-01-21T14:25:19.227Z" }
wheels = [
    { url = "https://files.pythonhosted.org/packages/a0/c4/c2971a3ba4c6103a3d10c4b0f24f461ddc027f0f09763220cf35ca1401b3/nest_asyncio-1.6.0-py3-none-any.whl", hash = "sha256:87af6efd6b5e897c81050477ef65c62e2b2f35d51703cae01aff2905b1852e1c", size = 5195, upload-time = "2024-01-21T14:25:17.223Z" },
]

[[package]]
name = "pydecentscale"
version = "0.1.0"
source = { virtual = "." }
dependencies = [
    { name = "asyncio" },
    { name = "bleak" },
    { name = "nest-asyncio" },
]

[package.metadata]
requires-dist = [
    { name = "asyncio", specifier = ">=3.4.3" },
    { name = "bleak", specifier = ">=0.22.3" },
    { name = "nest-asyncio", specifier = ">=1.6.0" },
]

[[package]]
name = "pyobjc-core"
version = "10.3.2"
source = { registry = "https://pypi.org/simple" }
sdist = { url = "https://files.pythonhosted.org/packages/5d/07/2b3d63c0349fe4cf34d787a52a22faa156225808db2d1531fe58fabd779d/pyobjc_core-10.3.2.tar.gz", hash = "sha256:dbf1475d864ce594288ce03e94e3a98dc7f0e4639971eb1e312bdf6661c21e0e", size = 935182, upload-time = "2024-11-30T15:24:44.294Z" }
wheels = [
    { url = "https://files.pythonhosted.org/packages/13/89/8808fe75efb03b29e082f9d12da31d55d5be3f55260c7b4e4cde7ebf81af/pyobjc_core-10.3.2-cp312-cp312-macosx_10_13_universal2.whl", hash = "sha256:16644a92fb9661de841ba6115e5354db06a1d193a5e239046e840013c7b3874d", size = 826024, upload-time = "2024-11-30T12:50:14.048Z" },
    { url = "https://files.pythonhosted.org/packages/08/27/e7b8240c116cd8231ac33daaf982e36f77be33cf5448bbc568ce17371a79/pyobjc_core-10.3.2-cp313-cp313-macosx_10_13_universal2.whl", hash = "sha256:76b8b911d94501dac89821df349b1860bb770dce102a1a293f524b5b09dd9462", size = 827885, upload-time = "2024-11-30T12:50:41.942Z" },
    { url = "https://files.pythonhosted.org/packages/de/a3/897cc31fca822a4df4ece31e4369dd9eae35bcb0b535fc9c7c21924268ba/pyobjc_core-10.3.2-cp313-cp313t-macosx_10_13_universal2.whl", hash = "sha256:8c6288fdb210b64115760a4504efbc4daffdc390d309e9318eb0e3e3b78d2828", size = 837794, upload-time = "2024-11-30T12:51:05.748Z" },
]

[[package]]
name = "pyobjc-framework-cocoa"
version = "10.3.2"
source = { registry = "https://pypi.org/simple" }
dependencies = [
    { name = "pyobjc-core" },
]
sdist = { url = "https://files.pythonhosted.org/packages/39/41/4f09a5e9a6769b4dafb293ea597ed693cc0def0e07867ad0a42664f530b6/pyobjc_framework_cocoa-10.3.2.tar.gz", hash = "sha256:673968e5435845bef969bfe374f31a1a6dc660c98608d2b84d5cae6eafa5c39d", size = 4942530, upload-time = "2024-11-30T15:30:27.244Z" }
wheels = [
    { url = "https://files.pythonhosted.org/packages/22/fc/496c6ce1386f93d22d9a1ee1889215ed69989d976efa27e46b37b95a4f2d/pyobjc_framework_Cocoa-10.3.2-cp312-cp312-macosx_10_13_universal2.whl", hash = "sha256:c49e99fc4b9e613fb308651b99d52a8a9ae9916c8ef27aa2f5d585b6678a59bf", size = 381866, upload-time = "2024-11-30T13:18:08.83Z" },
    { url = "https://files.pythonhosted.org/packages/4e/c4/bccb4c05422170c0afccf6ebbdcc7551f7ddd03d2f7a65498d02cb179993/pyobjc_framework_Cocoa-10.3.2-cp313-cp313-macosx_10_13_universal2.whl", hash = "sha256:f1161b5713f9b9934c12649d73a6749617172e240f9431eff9e22175262fdfda", size = 381878, upload-time = "2024-11-30T13:18:26.24Z" },
    { url = "https://files.pythonhosted.org/packages/25/ec/68657a633512edb84ecb1ff47a067a81028d6f027aa923e806400d2f8a26/pyobjc_framework_Cocoa-10.3.2-cp313-cp313t-macosx_10_13_universal2.whl", hash = "sha256:08e48b9ee4eb393447b2b781d16663b954bd10a26927df74f92e924c05568d89", size = 384925, upload-time = "2024-11-30T13:18:28.171Z" },
]

[[package]]
name = "pyobjc-framework-corebluetooth"
version = "10.3.2"
source = { registry = "https://pypi.org/simple" }
dependencies = [
    { name = "pyobjc-core" },
    { name = "pyobjc-framework-cocoa" },
]
sdist = { url = "https://files.pythonhosted.org/packages/13/ca/35d205c3e153e7bc59a417560a45e27a2410439e6f78390f97c1a996c922/pyobjc_framework_corebluetooth-10.3.2.tar.gz", hash = "sha256:c0a077bc3a2466271efa382c1e024630bc43cc6f9ab8f3f97431ad08b1ad52bb", size = 50622, upload-time = "2024-11-30T15:32:18.741Z" }
wheels = [
    { url = "https://files.pythonhosted.org/packages/b8/74/9bfaa9af79d9ff51489c796775fe5715d67adae06b612f3ee776017bb24b/pyobjc_framework_CoreBluetooth-10.3.2-cp313-cp313t-macosx_10_13_universal2.whl", hash = "sha256:af3e2f935a6a7e5b009b4cf63c64899592a7b46c3ddcbc8f2e28848842ef65f4", size = 14095, upload-time = "2024-11-30T13:26:56.735Z" },
    { url = "https://files.pythonhosted.org/packages/f7/b0/9006d9d6cc5780fc190629ff42d8825fe7737dbe2077fbaae38813f0242e/pyobjc_framework_CoreBluetooth-10.3.2-cp36-abi3-macosx_10_13_universal2.whl", hash = "sha256:973b78f47c7e2209a475e60bcc7d1b4a87be6645d39b4e8290ee82640e1cc364", size = 13891, upload-time = "2024-11-30T13:26:57.745Z" },
    { url = "https://files.pythonhosted.org/packages/02/dd/b415258a86495c23962005bab11604562828dd183a009d04a82bc1f3a816/pyobjc_framework_CoreBluetooth-10.3.2-cp36-abi3-macosx_10_9_universal2.whl", hash = "sha256:4bafdf1be15eae48a4878dbbf1bf19877ce28cbbba5baa0267a9564719ee736e", size = 13843, upload-time = "2024-11-30T13:26:59.305Z" },
    { url = "https://files.pythonhosted.org/packages/c4/7d/d8a340f3ca0862969a02c6fe053902388e45966040b41d7e023b9dcf97c8/pyobjc_framework_CoreBluetooth-10.3.2-cp36-abi3-macosx_10_9_x86_64.whl", hash = "sha256:4d7dc7494de66c850bda7b173579df7481dc97046fa229d480fe9bf90b2b9651", size = 10082, upload-time = "2024-11-30T13:27:00.785Z" },
    { url = "https://files.pythonhosted.org/packages/e9/10/d9554ce442269a3c25d9bed9d8a5ffdc1fb5ab71b74bc52749a5f26a96c7/pyobjc_framework_CoreBluetooth-10.3.2-cp36-abi3-macosx_11_0_universal2.whl", hash = "sha256:62e09e730f4d98384f1b6d44718812195602b3c82d5c78e09f60e8a934e7b266", size = 13815, upload-time = "2024-11-30T13:27:01.628Z" },
]

[[package]]
name = "pyobjc-framework-libdispatch"
version = "10.3.2"
source = { registry = "https://pypi.org/simple" }
dependencies = [
    { name = "pyobjc-core" },
    { name = "pyobjc-framework-cocoa" },
]
sdist = { url = "https://files.pythonhosted.org/packages/4d/12/a908f3f94952c8c9e3d6e6bd425613a79692e7d400557ede047992439edc/pyobjc_framework_libdispatch-10.3.2.tar.gz", hash = "sha256:e9f4311fbf8df602852557a98d2a64f37a9d363acf4d75634120251bbc7b7304", size = 45132, upload-time = "2024-11-30T17:09:47.135Z" }
wheels = [
    { url = "https://files.pythonhosted.org/packages/e0/e9/8e364765ccb1f3c686d922e2512499f2b4e25bfbfa5d73e833478bff88b5/pyobjc_framework_libdispatch-10.3.2-cp312-cp312-macosx_10_13_universal2.whl", hash = "sha256:6bb528f34538f35e1b79d839dbfc398dd426990e190d9301fe2d811fddc3da62", size = 15572, upload-time = "2024-11-30T15:22:00.544Z" },
    { url = "https://files.pythonhosted.org/packages/86/cc/ff00f7d2e1774e8bbab4da59793f094bdf97c9f0d178f6ace29a89413082/pyobjc_framework_libdispatch-10.3.2-cp313-cp313-macosx_10_13_universal2.whl", hash = "sha256:1357729d5fded08fbf746834ebeef27bee07d6acb991f3b8366e8f4319d882c4", size = 15576, upload-time = "2024-11-30T15:22:01.505Z" },
    { url = "https://files.pythonhosted.org/packages/6b/27/530cd12bdc16938a85436ac5a81dccd85b35bac5e42144e623b69b052b76/pyobjc_framework_libdispatch-10.3.2-cp313-cp313t-macosx_10_13_universal2.whl", hash = "sha256:210398f9e1815ceeff49b578bf51c2d6a4a30d4c33f573da322f3d7da1add121", size = 15854, upload-time = "2024-11-30T15:22:02.457Z" },
]

[[package]]
name = "winrt-runtime"
version = "2.3.0"
source = { registry = "https://pypi.org/simple" }
sdist = { url = "https://files.pythonhosted.org/packages/ea/1e/20fd4bc1b42dca97ebde8bd5746084e538e2911feaad923370893091ac0f/winrt_runtime-2.3.0.tar.gz", hash = "sha256:bb895a2b8c74b375781302215e2661914369c625aa1f8df84f8d37691b22db77", size = 15503, upload-time = "2024-10-20T04:14:40.257Z" }
wheels = [
    { url = "https://files.pythonhosted.org/packages/72/72/25ae82fb1c8ab20ed4d85b44f118945d3e6da55a6e8df9c757f8665287d9/winrt_runtime-2.3.0-cp312-cp312-win32.whl", hash = "sha256:03d3e4aedc65832e57c0dbf210ec2a9d7fb2819c74d420ba889b323e9fa5cf28", size = 183246, upload-time = "2024-10-20T04:13:31.335Z" },
    { url = "https://files.pythonhosted.org/packages/9e/e6/c440fe52fb54dcacd3838f50e4a0c404d7a6c69a3b0b88fc96abb24d660e/winrt_runtime-2.3.0-cp312-cp312-win_amd64.whl", hash = "sha256:0dc636aec2f4ee6c3849fa59dae10c128f4a908f0ce452e91af65d812ea66dcb", size = 213396, upload-time = "2024-10-20T04:13:32.437Z" },
    { url = "https://files.pythonhosted.org/packages/8c/b0/d80c1a969a71e6d57a37b30c2c5b8e708c85b55467543cebaadff6b20187/winrt_runtime-2.3.0-cp312-cp312-win_arm64.whl", hash = "sha256:d9f140c71e4f3bf7bf7d6853b246eab2e1632c72f218ff163aa41a74b576736f", size = 390632, upload-time = "2024-10-20T04:13:33.602Z" },
    { url = "https://files.pythonhosted.org/packages/08/c2/87551e0ec1796812396e1065e04cbf303557d8e4820c5eb53d707fa1ca62/winrt_runtime-2.3.0-cp313-cp313-win32.whl", hash = "sha256:77f06df6b7a6cb536913ae455e30c1733d31d88dafe2c3cd8c3d0e2bcf7e2a20", size = 183255, upload-time = "2024-10-20T04:13:34.687Z" },
    { url = "https://files.pythonhosted.org/packages/d5/12/cd01c5825affcace2590ab6b771baf17a5f1289939fd5cabd317be501eb2/winrt_runtime-2.3.0-cp313-cp313-win_amd64.whl", hash = "sha256:7388774b74ea2f4510ab3a98c95af296665ebe69d9d7e2fd7ee2c3fc5856099e", size = 213404, upload-time = "2024-10-20T04:13:35.864Z" },
    { url = "https://files.pythonhosted.org/packages/c2/52/4b5bb8f46703efe650a021240d94d80d75eea98b3a4f817640f73b93b1c8/winrt_runtime-2.3.0-cp313-cp313-win_arm64.whl", hash = "sha256:0d3a4ac7661cad492d51653054e63328b940a6083c1ee1dd977f90069cb8afaa", size = 390639, upload-time = "2024-10-20T04:13:37.705Z" },
]

[[package]]
name = "winrt-windows-devices-bluetooth"
version = "2.3.0"
source = { registry = "https://pypi.org/simple" }
dependencies = [
    { name = "winrt-runtime" },
]
sdist = { url = "https://files.pythonhosted.org/packages/c7/3a/64b2b8efe27fe4acb3a2da03a6687a2414d1c97465f212a3337415ca42ad/winrt_windows_devices_bluetooth-2.3.0.tar.gz", hash = "sha256:a1204b71c369a0399ec15d9a7b7c67990dd74504e486b839bf81825bd381a837", size = 21092, upload-time = "2024-10-20T04:15:34.033Z" }
wheels = [
    { url = "https://files.pythonhosted.org/packages/7d/ce/da88e546d58a63a42f6267511d7cdb61ee8e097ab0037276bea769dd97da/winrt_Windows.Devices.Bluetooth-2.3.0-cp312-cp312-win32.whl", hash = "sha256:544ed169039e6d5e250323cc18c87967cfeb4d3d09ce354fd7c5fd2283f3bb98", size = 92447, upload-time = "2024-10-20T02:56:04.692Z" },
    { url = "https://files.pythonhosted.org/packages/6a/5d/f2bc563e7efb3b06e522809aa28824c44d2e94d9fc31ff202c29f91f33f8/winrt_Windows.Devices.Bluetooth-2.3.0-cp312-cp312-win_amd64.whl", hash = "sha256:f7becf095bf9bc999629fcb6401a88b879c3531b3c55c820e63259c955ddc06c", size = 104484, upload-time = "2024-10-20T02:56:05.698Z" },
    { url = "https://files.pythonhosted.org/packages/9f/d4/12b18fbc5cbd21e1d497f3c8788576e8ab2687aff74836c658f21d12e714/winrt_Windows.Devices.Bluetooth-2.3.0-cp312-cp312-win_arm64.whl", hash = "sha256:a6a2980409c855b4e5dab0be9bde9f30236292ac1fc994df959fa5a518cd6690", size = 95188, upload-time = "2024-10-20T02:56:07.013Z" },
    { url = "https://files.pythonhosted.org/packages/c6/dd/367a516ae820dcf398d7856dcde845ad604a689d4a67c0e97709e68f3757/winrt_Windows.Devices.Bluetooth-2.3.0-cp313-cp313-win32.whl", hash = "sha256:82f443be43379d4762e72633047c82843c873b6f26428a18855ca7b53e1958d7", size = 92448, upload-time = "2024-10-20T02:56:08.331Z" },
    { url = "https://files.pythonhosted.org/packages/08/43/03356e20aa78aabc3581f979c36c3fa513f706a28896e51f6508fa6ce08d/winrt_Windows.Devices.Bluetooth-2.3.0-cp313-cp313-win_amd64.whl", hash = "sha256:8b407da87ab52315c2d562a75d824dcafcae6e1628031cdb971072a47eb78ff0", size = 104502, upload-time = "2024-10-20T02:56:09.452Z" },
    { url = "https://files.pythonhosted.org/packages/31/f0/7eb956b2f3e7a8886d3f94a2d430e96091f4897bd38ba449c2c11fa84b06/winrt_Windows.Devices.Bluetooth-2.3.0-cp313-cp313-win_arm64.whl", hash = "sha256:e36d0b487bc5b64662b8470085edf8bfa5a220d7afc4f2e8d7faa3e3ac2bae80", size = 95208, upload-time = "2024-10-20T02:56:10.528Z" },
]

[[package]]
name = "winrt-windows-devices-bluetooth-advertisement"
version = "2.3.0"
source = { registry = "https://pypi.org/simple" }
dependencies = [
    { name = "winrt-runtime" },
]
sdist = { url = "https://files.pythonhosted.org/packages/b4/9f/0f7393800a7d5907f0935a8c088937ca0d3eb3f131d8173e81a94f6a76ed/winrt_windows_devices_bluetooth_advertisement-2.3.0.tar.gz", hash = "sha256:c8adbec690b765ca70337c35efec9910b0937a40a0a242184ea295367137f81c", size = 13686, upload-time = "2024-10-20T04:15:34.834Z" }
wheels = [
    { url = "https://files.pythonhosted.org/packages/25/f4/53703d313aa45a6b7a7dd1b6d5bd8029a1ddd06d129de8ac50fd75c8d946/winrt_Windows.Devices.Bluetooth.Advertisement-2.3.0-cp312-cp312-win32.whl", hash = "sha256:d729d989acd7c1d703e2088299b6e219089a415db4a7b80cd52fdc507ec3ce95", size = 76811, upload-time = "2024-10-20T02:56:22.18Z" },
    { url = "https://files.pythonhosted.org/packages/6b/e0/c6bd7f3af35fe606ed668ac8cfec7d085dcf7873eb0fa0ba8d50af22b449/winrt_Windows.Devices.Bluetooth.Advertisement-2.3.0-cp312-cp312-win_amd64.whl", hash = "sha256:1d3d258d4388a2b46f2e46f2fbdede1bf327eaa9c2dd4605f8a7fe454077c49e", size = 83787, upload-time = "2024-10-20T02:56:23.143Z" },
    { url = "https://files.pythonhosted.org/packages/a8/bc/7476372d4f6ec50b919639a16ac8cdf0ce8f63d4afe63a4c1250730f185c/winrt_Windows.Devices.Bluetooth.Advertisement-2.3.0-cp312-cp312-win_arm64.whl", hash = "sha256:d8c12457b00a79f8f1058d7a51bd8e7f177fb66e31389469e75b1104f6358921", size = 78910, upload-time = "2024-10-20T02:56:24.974Z" },
    { url = "https://files.pythonhosted.org/packages/68/84/3e596881e9cf42dc43d45d52e4ee90163b671030b89bee11485cfc3cf311/winrt_Windows.Devices.Bluetooth.Advertisement-2.3.0-cp313-cp313-win32.whl", hash = "sha256:ac1e55a350881f82cb51e162cb7a4b5d9359e9e5fbde922de802404a951d64ec", size = 76808, upload-time = "2024-10-20T02:56:26.091Z" },
    { url = "https://files.pythonhosted.org/packages/6f/07/2a9408efdc48e27bfae721d9413477fa893c73a6ddea9ee9a944150012f2/winrt_Windows.Devices.Bluetooth.Advertisement-2.3.0-cp313-cp313-win_amd64.whl", hash = "sha256:0fc339340fb8be21c1c829816a49dc31b986c6d602d113d4a49ee8ffaf0e2396", size = 83798, upload-time = "2024-10-20T02:56:27.066Z" },
    { url = "https://files.pythonhosted.org/packages/e5/01/aa3f75a1b18465522c7d679f840cefe487ed5e1064f8478f20451d2621f4/winrt_Windows.Devices.Bluetooth.Advertisement-2.3.0-cp313-cp313-win_arm64.whl", hash = "sha256:da63d9c56edcb3b2d5135e65cc8c9c4658344dd480a8a2daf45beb2106f17874", size = 78911, upload-time = "2024-10-20T02:56:28.04Z" },
]

[[package]]
name = "winrt-windows-devices-bluetooth-genericattributeprofile"
version = "2.3.0"
source = { registry = "https://pypi.org/simple" }
dependencies = [
    { name = "winrt-runtime" },
]
sdist = { url = "https://files.pythonhosted.org/packages/56/99/f1b517fc04244728eebf5f16c70d181ccc32e70e9a1655c7460ccd18755e/winrt_windows_devices_bluetooth_genericattributeprofile-2.3.0.tar.gz", hash = "sha256:f40f94bf2f7243848dc10e39cfde76c9044727a05e7e5dfb8cb7f062f3fd3dda", size = 33686, upload-time = "2024-10-20T04:15:36.29Z" }
wheels = [
    { url = "https://files.pythonhosted.org/packages/9c/bf/255bcf68a394007cb2275950d87063b828bb34500dc43f1356a079ce4374/winrt_Windows.Devices.Bluetooth.GenericAttributeProfile-2.3.0-cp312-cp312-win32.whl", hash = "sha256:1b97ef2ab9c9f5bae984989a47565d0d19c84969d74982a2664a4a3485cb8274", size = 160402, upload-time = "2024-10-20T02:56:54.259Z" },
    { url = "https://files.pythonhosted.org/packages/a5/52/aa4b8a4e787b7e33e194193484567fcd1134cf9cf4d98cacf02333874b1d/winrt_Windows.Devices.Bluetooth.GenericAttributeProfile-2.3.0-cp312-cp312-win_amd64.whl", hash = "sha256:5fac2c7b301fa70e105785d7504176c76e4d824fc3823afed4d1ab6a7682272c", size = 179589, upload-time = "2024-10-20T02:56:55.438Z" },
    { url = "https://files.pythonhosted.org/packages/5b/1f/9e4ab12a378c57dd0426133e2887414ca5117275ea2a82fa4d6857ffa354/winrt_Windows.Devices.Bluetooth.GenericAttributeProfile-2.3.0-cp312-cp312-win_arm64.whl", hash = "sha256:353fdccf2398b2a12e0835834cff8143a7efd9ba877fb5820fdcce531732b500", size = 166874, upload-time = "2024-10-20T02:56:56.517Z" },
    { url = "https://files.pythonhosted.org/packages/ff/84/5dcec574261d1594b821ed14f161788e87e8268ca9e974959a89726846c3/winrt_Windows.Devices.Bluetooth.GenericAttributeProfile-2.3.0-cp313-cp313-win32.whl", hash = "sha256:f414f793767ccc56d055b1c74830efb51fa4cbdc9163847b1a38b1ee35778f49", size = 160415, upload-time = "2024-10-20T02:56:57.583Z" },
    { url = "https://files.pythonhosted.org/packages/3c/0f/94019f58b293dcd2f5ea27cce710c55909b9c7b9f13664a6248b7369f201/winrt_Windows.Devices.Bluetooth.GenericAttributeProfile-2.3.0-cp313-cp313-win_amd64.whl", hash = "sha256:8ef35d9cda5bbdcc55aa7eaf143ab873227d6ee467aaf28edbd2428f229e7c94", size = 179634, upload-time = "2024-10-20T02:56:58.76Z" },
    { url = "https://files.pythonhosted.org/packages/c9/b1/d124bb30ff50de76e453beefabb75a7509c86054e00024e4163c3e1555db/winrt_Windows.Devices.Bluetooth.GenericAttributeProfile-2.3.0-cp313-cp313-win_arm64.whl", hash = "sha256:6a9e7308ba264175c2a9ee31f6cf1d647cb35ee9a1da7350793d8fe033a6b9b8", size = 166849, upload-time = "2024-10-20T02:56:59.883Z" },
]

[[package]]
name = "winrt-windows-devices-enumeration"
version = "2.3.0"
source = { registry = "https://pypi.org/simple" }
dependencies = [
    { name = "winrt-runtime" },
]
sdist = { url = "https://files.pythonhosted.org/packages/5f/74/aed7249ee138db3bc425913d3c0a0c7db42bdc97b0d2bf5da134cfc919cf/winrt_windows_devices_enumeration-2.3.0.tar.gz", hash = "sha256:a14078aac41432781acb0c950fcdcdeb096e2f80f7591a3d46435f30221fc3eb", size = 19943, upload-time = "2024-10-20T04:15:39.876Z" }
wheels = [
    { url = "https://files.pythonhosted.org/packages/5f/9b/e72a1b250d3405c0e582cea24dbe145e860ce6dc99de99dc2548df3b227a/winrt_Windows.Devices.Enumeration-2.3.0-cp312-cp312-win32.whl", hash = "sha256:42ed0349f0290a1b0a101425a06196c5d5db1240db6f8bd7d2204f23c48d727b", size = 114104, upload-time = "2024-10-20T02:58:14.806Z" },
    { url = "https://files.pythonhosted.org/packages/66/93/2bd286c7d1ba875248e1265788257e7c61b94b4ccea4eca2480526d2f468/winrt_Windows.Devices.Enumeration-2.3.0-cp312-cp312-win_amd64.whl", hash = "sha256:83e385fbf85b9511699d33c659673611f42b98bd3a554a85b377a34cc3b68b2e", size = 132060, upload-time = "2024-10-20T02:58:15.898Z" },
    { url = "https://files.pythonhosted.org/packages/e9/2d/67d13dc73063bd72171ec5af37069796bebae0f8e5fa607928843da09cd5/winrt_Windows.Devices.Enumeration-2.3.0-cp312-cp312-win_arm64.whl", hash = "sha256:26f855caee61c12449c6b07e22ea1ad470f8daa24223d8581e1fe622c70b48a8", size = 121697, upload-time = "2024-10-20T02:58:16.934Z" },
    { url = "https://files.pythonhosted.org/packages/ae/fa/3e654fba4c48fed2776ee023b690fe9eebf4e345a52f21a2358f30397deb/winrt_Windows.Devices.Enumeration-2.3.0-cp313-cp313-win32.whl", hash = "sha256:a5f2cff6ee584e5627a2246bdbcd1b3a3fd1e7ae0741f62c59f7d5a5650d5791", size = 114111, upload-time = "2024-10-20T02:58:17.957Z" },
    { url = "https://files.pythonhosted.org/packages/98/0e/b946508e7a0dfc5c07bbab0860b2f30711a6f1c1d9999e3ab889b8024c5d/winrt_Windows.Devices.Enumeration-2.3.0-cp313-cp313-win_amd64.whl", hash = "sha256:7516171521aa383ccdc8f422cc202979a2359d0d1256f22852bfb0b55d9154f0", size = 132059, upload-time = "2024-10-20T02:58:19.034Z" },
    { url = "https://files.pythonhosted.org/packages/1e/d1/564b0c7ea461351f0101c50880d959cdbdfc443cb89559d819cb3d854f7a/winrt_Windows.Devices.Enumeration-2.3.0-cp313-cp313-win_arm64.whl", hash = "sha256:80d01dfffe4b548439242f3f7a737189354768b203cca023dc29b267dfe5595a", size = 121739, upload-time = "2024-10-20T02:58:20.063Z" },
]

[[package]]
name = "winrt-windows-foundation"
version = "2.3.0"
source = { registry = "https://pypi.org/simple" }
dependencies = [
    { name = "winrt-runtime" },
]
sdist = { url = "https://files.pythonhosted.org/packages/55/7f/93fd748713622d999c5ae71fe66441c6d63b7b826285555e68807481222c/winrt_windows_foundation-2.3.0.tar.gz", hash = "sha256:c5766f011c8debbe89b460af4a97d026ca252144e62d7278c9c79c5581ea0c02", size = 22594, upload-time = "2024-10-20T04:16:09.773Z" }
wheels = [
    { url = "https://files.pythonhosted.org/packages/99/76/7844a78bca3d6084980c5ed1f3ec890d34a5af11b034da444a139ef0b81c/winrt_Windows.Foundation-2.3.0-cp312-cp312-win32.whl", hash = "sha256:d36f472ac258e79eee6061e1bb4ce50bfd200f9271392d23479c800ca6aee8d1", size = 85754, upload-time = "2024-10-20T03:09:11.773Z" },
    { url = "https://files.pythonhosted.org/packages/25/ea/fe75d742284b3c292723f60d41e54591df9d1989266bceb5b70b4f17d383/winrt_Windows.Foundation-2.3.0-cp312-cp312-win_amd64.whl", hash = "sha256:8de9b5e95a3fdabdb45b1952e05355dd5a678f80bf09a54d9f966dccc805b383", size = 100135, upload-time = "2024-10-20T03:09:12.796Z" },
    { url = "https://files.pythonhosted.org/packages/65/ae/c0ea1864a8ee48617d7c12029e38a9935dd952d090e02b6d5cb98014d5b1/winrt_Windows.Foundation-2.3.0-cp312-cp312-win_arm64.whl", hash = "sha256:37da09c08c9c772baedb1958e5ee116fe63809f33c6820c69750f340b3dda292", size = 86636, upload-time = "2024-10-20T03:09:13.753Z" },
    { url = "https://files.pythonhosted.org/packages/d7/a0/a7d21584cac23961acaa359398ae3f5ad5d1a35b98e3be9c130634c226f8/winrt_Windows.Foundation-2.3.0-cp313-cp313-win32.whl", hash = "sha256:2b00fad3f2a3859ccae41eee12ab44434813a371c2f3003b4f2419e5eecb4832", size = 85760, upload-time = "2024-10-20T03:09:14.716Z" },
    { url = "https://files.pythonhosted.org/packages/07/fe/2553025e5d1cf880b272d15ae43c5014c74687bfc041d4260d069f5357f3/winrt_Windows.Foundation-2.3.0-cp313-cp313-win_amd64.whl", hash = "sha256:686619932b2a2c689cbebc7f5196437a45fd2056656ef130bb10240bb111086a", size = 100140, upload-time = "2024-10-20T03:09:15.818Z" },
    { url = "https://files.pythonhosted.org/packages/ab/b7/94ed1b3d5341115a7f5dab8fff7b22695ae8779ece94ce9b2d9608d47478/winrt_Windows.Foundation-2.3.0-cp313-cp313-win_arm64.whl", hash = "sha256:b38dcb83fe82a7da9a57d7d5ad5deb09503b5be6d9357a9fd3016ca31673805d", size = 86641, upload-time = "2024-10-20T03:09:16.905Z" },
]

[[package]]
name = "winrt-windows-foundation-collections"
version = "2.3.0"
source = { registry = "https://pypi.org/simple" }
dependencies = [
    { name = "winrt-runtime" },
]
sdist = { url = "https://files.pythonhosted.org/packages/59/fc/a8687fb0095471b0db29f6c921a8eb971f55ab79e1ccb5bcd01bf1b4baba/winrt_windows_foundation_collections-2.3.0.tar.gz", hash = "sha256:15c997fd6b64ef0400a619319ea3c6851c9c24e31d51b6448ba9bac3616d25a0", size = 12932, upload-time = "2024-10-20T04:16:10.555Z" }
wheels = [
    { url = "https://files.pythonhosted.org/packages/ec/a8/c826415e59acc7e12b1b10397e217a2025814c4823ac74a9e0a8f8887baf/winrt_Windows.Foundation.Collections-2.3.0-cp312-cp312-win32.whl", hash = "sha256:498c1fc403d3dc7a091aaac92af471615de4f9550d544347cb3b169c197183b5", size = 51199, upload-time = "2024-10-20T03:09:27.947Z" },
    { url = "https://files.pythonhosted.org/packages/ed/cb/a17ba9fc5cca07acc9bcb62816da11468fe1f333622dd3d79a2f6ab3fd1e/winrt_Windows.Foundation.Collections-2.3.0-cp312-cp312-win_amd64.whl", hash = "sha256:4d1b1cacc159f38d8e6b662f6e7a5c41879a36aa7434c1580d7f948c9037419e", size = 60738, upload-time = "2024-10-20T03:09:28.904Z" },
    { url = "https://files.pythonhosted.org/packages/e9/05/d21b20759103c7b02e404ce255f81bff9a89129868cb237647ac3128960b/winrt_Windows.Foundation.Collections-2.3.0-cp312-cp312-win_arm64.whl", hash = "sha256:398d93b76a2cf70d5e75c1f802e1dd856501e63bc9a31f4510ac59f718951b9e", size = 52488, upload-time = "2024-10-20T03:09:29.895Z" },
    { url = "https://files.pythonhosted.org/packages/ea/00/aef792aa5434c7bd69161606c7c001bba6d38a2759dc2112c19f548ea187/winrt_Windows.Foundation.Collections-2.3.0-cp313-cp313-win32.whl", hash = "sha256:1e5f1637e0919c7bb5b11ba1eebbd43bc0ad9600cf887b59fcece0f8a6c0eac3", size = 51201, upload-time = "2024-10-20T03:09:31.434Z" },
    { url = "https://files.pythonhosted.org/packages/e6/cf/dbca5e255ad05a162f82ad0f8dba7cdf91ebaf78b955f056b8fc98ead448/winrt_Windows.Foundation.Collections-2.3.0-cp313-cp313-win_amd64.whl", hash = "sha256:c809a70bc0f93d53c7289a0a86d8869740e09fff0c57318a14401f5c17e0b912", size = 60736, upload-time = "2024-10-20T03:09:32.838Z" },
    { url = "https://files.pythonhosted.org/packages/55/84/6e3a75da245964461b3e6ac5a9db7d596fbbe8cf13bf771b4264c2c93ba6/winrt_Windows.Foundation.Collections-2.3.0-cp313-cp313-win_arm64.whl", hash = "sha256:269942fe86af06293a2676c8b2dcd5cb1d8ddfe1b5244f11c16e48ae0a5d100f", size = 52492, upload-time = "2024-10-20T03:09:33.831Z" },
]

[[package]]
name = "winrt-windows-storage-streams"
version = "2.3.0"
source = { registry = "https://pypi.org/simple" }
dependencies = [
    { name = "winrt-runtime" },
]
sdist = { url = "https://files.pythonhosted.org/packages/0c/07/5872ee6f9615a58820379ade122b28ff46b4227eee2232a22083a0ce7516/winrt_windows_storage_streams-2.3.0.tar.gz", hash = "sha256:d2c010beeb1dd7c135ed67ecfaea13440474a7c469e2e9aa2852db27d2063d44", size = 23581, upload-time = "2024-10-20T04:18:05.084Z" }
wheels = [
    { url = "https://files.pythonhosted.org/packages/dd/cd/70a986066ca94ec40e29fc689d795e8c488cbbf8df1e6d0b0b7ab0c4ebd7/winrt_Windows.Storage.Streams-2.3.0-cp312-cp312-win32.whl", hash = "sha256:272e87e6c74cb2832261ab33db7966a99e7a2400240cc4f8bf526a80ca054c68", size = 96013, upload-time = "2024-10-20T03:47:25.763Z" },
    { url = "https://files.pythonhosted.org/packages/72/ea/5934fc1a3e8086c336d53ce91f63613d11ae8033b36dddb43bc2a459115a/winrt_Windows.Storage.Streams-2.3.0-cp312-cp312-win_amd64.whl", hash = "sha256:997bf1a2d52c5f104b172947e571f27d9916a4409b4da592ec3e7f907848dd1a", size = 108629, upload-time = "2024-10-20T03:47:26.875Z" },
    { url = "https://files.pythonhosted.org/packages/1d/ac/b688023e6c705a14207c60148c74e8fc1529b01142cd01587d3f2c63e8b9/winrt_Windows.Storage.Streams-2.3.0-cp312-cp312-win_arm64.whl", hash = "sha256:d56daa00205c24ede6669d41eb70d6017e0202371d99f8ee2b0b31350ab59bd5", size = 103055, upload-time = "2024-10-20T03:47:27.937Z" },
    { url = "https://files.pythonhosted.org/packages/a5/6f/1427f0240997dd2bd5c70ee2a129b6ee497deb6db1c519f2d4fe6af34b9f/winrt_Windows.Storage.Streams-2.3.0-cp313-cp313-win32.whl", hash = "sha256:7ac4e46fc5e21d8badc5d41779273c3f5e7196f1cf2df1959b6b70eca1d5d85f", size = 96000, upload-time = "2024-10-20T03:47:32.111Z" },
    { url = "https://files.pythonhosted.org/packages/13/c1/8a673a0f7232caac6410373f492f0ebac73760f5e66996e75a2679923c40/winrt_Windows.Storage.Streams-2.3.0-cp313-cp313-win_amd64.whl", hash = "sha256:1460027c94c107fcee484997494f3a400f08ee40396f010facb0e72b3b74c457", size = 108588, upload-time = "2024-10-20T03:47:33.145Z" },
    { url = "https://files.pythonhosted.org/packages/24/72/2c0d42508109b563826d77e45ec5418b30140a33ffd9a5a420d5685c1b94/winrt_Windows.Storage.Streams-2.3.0-cp313-cp313-win_arm64.whl", hash = "sha256:e4553a70f5264a7733596802a2991e2414cdcd5e396b9d11ee87be9abae9329e", size = 103050, upload-time = "2024-10-20T03:47:34.114Z" },
]
